
Microsoft Visual Studio Solution File, Format Version 12.00
# Visual Studio Version 16
VisualStudioVersion = 16.0.31129.286
MinimumVisualStudioVersion = 10.0.40219.1
Project("{888888A0-9F3D-457C-B088-3A5042F75D52}") = "MultiagentPacman", "MultiagentPacman.pyproj", "{119D2768-259B-4DD5-BAFB-1D2FFD3306EE}"
EndProject
Global
	GlobalSection(SolutionConfigurationPlatforms) = preSolution
		Debug|Any CPU = Debug|Any CPU
		Release|Any CPU = Release|Any CPU
	EndGlobalSection
	GlobalSection(ProjectConfigurationPlatforms) = postSolution
		{119D2768-259B-4DD5-BAFB-1D2FFD3306EE}.Debug|Any CPU.ActiveCfg = Debug|Any CPU
		{119D2768-259B-4DD5-BAFB-1D2FFD3306EE}.Release|Any CPU.ActiveCfg = Release|Any CPU
	EndGlobalSection
	GlobalSection(SolutionProperties) = preSolution
		HideSolutionNode = FALSE
	EndGlobalSection
	GlobalSection(ExtensibilityGlobals) = postSolution
		SolutionGuid = {6C56A4E1-0DB8-40C0-9934-955CA334546A}
	EndGlobalSection
EndGlobal
